
Microsoft Visual Studio Solution File, Format Version 12.00
# Visual Studio Version 16
VisualStudioVersion = 16.0.30907.101
MinimumVisualStudioVersion = 10.0.40219.1
Project("{FAE04EC0-301F-11D3-BF4B-00C04F79EFBC}") = "Entities", "Entities\Entities.csproj", "{D2B10DFA-2494-4A2F-B2BB-73FFD42C8D29}"
EndProject
Project("{FAE04EC0-301F-11D3-BF4B-00C04F79EFBC}") = "DataAccess", "DataAccess\DataAccess.csproj", "{07CD8847-12BD-4017-A0A0-ADE73DE72342}"
EndProject
Project("{FAE04EC0-301F-11D3-BF4B-00C04F79EFBC}") = "Business", "Business\Business.csproj", "{2A28C528-3904-4C05-9CC7-139176FFCF3D}"
EndProject
Project("{FAE04EC0-301F-11D3-BF4B-00C04F79EFBC}") = "Test", "Test\Test.csproj", "{F1AD928A-70A6-4811-A30F-664C800CFF26}"
EndProject
Global
	GlobalSection(SolutionConfigurationPlatforms) = preSolution
		Debug|Any CPU = Debug|Any CPU
		Release|Any CPU = Release|Any CPU
	EndGlobalSection
	GlobalSection(ProjectConfigurationPlatforms) = postSolution
		{D2B10DFA-2494-4A2F-B2BB-73FFD42C8D29}.Debug|Any CPU.ActiveCfg = Debug|Any CPU
		{D2B10DFA-2494-4A2F-B2BB-73FFD42C8D29}.Debug|Any CPU.Build.0 = Debug|Any CPU
		{D2B10DFA-2494-4A2F-B2BB-73FFD42C8D29}.Release|Any CPU.ActiveCfg = Release|Any CPU
		{D2B10DFA-2494-4A2F-B2BB-73FFD42C8D29}.Release|Any CPU.Build.0 = Release|Any CPU
		{07CD8847-12BD-4017-A0A0-ADE73DE72342}.Debug|Any CPU.ActiveCfg = Debug|Any CPU
		{07CD8847-12BD-4017-A0A0-ADE73DE72342}.Debug|Any CPU.Build.0 = Debug|Any CPU
		{07CD8847-12BD-4017-A0A0-ADE73DE72342}.Release|Any CPU.ActiveCfg = Release|Any CPU
		{07CD8847-12BD-4017-A0A0-ADE73DE72342}.Release|Any CPU.Build.0 = Release|Any CPU
		{2A28C528-3904-4C05-9CC7-139176FFCF3D}.Debug|Any CPU.ActiveCfg = Debug|Any CPU
		{2A28C528-3904-4C05-9CC7-139176FFCF3D}.Debug|Any CPU.Build.0 = Debug|Any CPU
		{2A28C528-3904-4C05-9CC7-139176FFCF3D}.Release|Any CPU.ActiveCfg = Release|Any CPU
		{2A28C528-3904-4C05-9CC7-139176FFCF3D}.Release|Any CPU.Build.0 = Release|Any CPU
		{F1AD928A-70A6-4811-A30F-664C800CFF26}.Debug|Any CPU.ActiveCfg = Debug|Any CPU
		{F1AD928A-70A6-4811-A30F-664C800CFF26}.Debug|Any CPU.Build.0 = Debug|Any CPU
		{F1AD928A-70A6-4811-A30F-664C800CFF26}.Release|Any CPU.ActiveCfg = Release|Any CPU
		{F1AD928A-70A6-4811-A30F-664C800CFF26}.Release|Any CPU.Build.0 = Release|Any CPU
	EndGlobalSection
	GlobalSection(SolutionProperties) = preSolution
		HideSolutionNode = FALSE
	EndGlobalSection
	GlobalSection(ExtensibilityGlobals) = postSolution
		SolutionGuid = {91C3A01B-0365-4CD4-A127-872E8FA48E59}
	EndGlobalSection
EndGlobal
